
Microsoft Visual Studio Solution File, Format Version 12.00
# Visual Studio Version 17
VisualStudioVersion = 17.6.33723.286
MinimumVisualStudioVersion = 10.0.40219.1
Project("{FAE04EC0-301F-11D3-BF4B-00C04F79EFBC}") = "MyProject", "MyProject\MyProject.csproj", "{C2634321-CD8B-4864-A2FE-3089654C580D}"
EndProject
Global
	GlobalSection(SolutionConfigurationPlatforms) = preSolution
		Debug|Any CPU = Debug|Any CPU
		Release|Any CPU = Release|Any CPU
	EndGlobalSection
	GlobalSection(ProjectConfigurationPlatforms) = postSolution
		{C2634321-CD8B-4864-A2FE-3089654C580D}.Debug|Any CPU.ActiveCfg = Debug|Any CPU
		{C2634321-CD8B-4864-A2FE-3089654C580D}.Debug|Any CPU.Build.0 = Debug|Any CPU
		{C2634321-CD8B-4864-A2FE-3089654C580D}.Release|Any CPU.ActiveCfg = Release|Any CPU
		{C2634321-CD8B-4864-A2FE-3089654C580D}.Release|Any CPU.Build.0 = Release|Any CPU
	EndGlobalSection
	GlobalSection(SolutionProperties) = preSolution
		HideSolutionNode = FALSE
	EndGlobalSection
	GlobalSection(ExtensibilityGlobals) = postSolution
		SolutionGuid = {5C0D07F3-96FF-4AD3-9C10-064D28EBDF55}
	EndGlobalSection
EndGlobal
